
Microsoft Visual Studio Solution File, Format Version 12.00
# Visual Studio Version 17
VisualStudioVersion = 17.0.31903.59
MinimumVisualStudioVersion = 10.0.40219.1
Project("{FAE04EC0-301F-11D3-BF4B-00C04F79EFBC}") = "Example_FastEndpoints.Api", "Example_FastEndpoints.Api\Example_FastEndpoints.Api.csproj", "{6579389E-6CD0-400C-BD4F-A71720810A30}"
EndProject
Project("{FAE04EC0-301F-11D3-BF4B-00C04F79EFBC}") = "Example_FastEndpoints.Domain", "Example_FastEndpoints.Domain\Example_FastEndpoints.Domain.csproj", "{7A1EA7B9-796A-4D9A-826E-F4D49238688F}"
EndProject
Project("{FAE04EC0-301F-11D3-BF4B-00C04F79EFBC}") = "Example_FastEndpoints.Infrastructure", "Example_FastEndpoints.Infrastructure\Example_FastEndpoints.Infrastructure.csproj", "{2EDE50A0-BCC2-4C7A-A80C-2843D24F907C}"
EndProject
Project("{FAE04EC0-301F-11D3-BF4B-00C04F79EFBC}") = "Example_FastEndpoints_RpcServer.Contracts", "..\Example_FastEndpoints_RpcServer\Example_FastEndpoints_RpcServer.Contracts\Example_FastEndpoints_RpcServer.Contracts.csproj", "{81E3B2BB-EE75-4C03-9B05-48E1F7C448DC}"
EndProject
Project("{FAE04EC0-301F-11D3-BF4B-00C04F79EFBC}") = "Example_FastEndpoints.IntegrationTests", "Example_FastEndpoints.IntegrationTests\Example_FastEndpoints.IntegrationTests.csproj", "{9AD5A484-3E24-4DE8-AE20-48B41A8583EE}"
EndProject
Project("{FAE04EC0-301F-11D3-BF4B-00C04F79EFBC}") = "Example_FastEndpoints.UnitTests", "Example_FastEndpoints.UnitTests\Example_FastEndpoints.UnitTests.csproj", "{5D24786B-9803-4991-8993-D861CB5379F2}"
EndProject
Global
	GlobalSection(SolutionConfigurationPlatforms) = preSolution
		Debug|Any CPU = Debug|Any CPU
		Debug|x64 = Debug|x64
		Debug|x86 = Debug|x86
		Release|Any CPU = Release|Any CPU
		Release|x64 = Release|x64
		Release|x86 = Release|x86
	EndGlobalSection
	GlobalSection(ProjectConfigurationPlatforms) = postSolution
		{6579389E-6CD0-400C-BD4F-A71720810A30}.Debug|Any CPU.ActiveCfg = Debug|Any CPU
		{6579389E-6CD0-400C-BD4F-A71720810A30}.Debug|Any CPU.Build.0 = Debug|Any CPU
		{6579389E-6CD0-400C-BD4F-A71720810A30}.Debug|x64.ActiveCfg = Debug|Any CPU
		{6579389E-6CD0-400C-BD4F-A71720810A30}.Debug|x64.Build.0 = Debug|Any CPU
		{6579389E-6CD0-400C-BD4F-A71720810A30}.Debug|x86.ActiveCfg = Debug|Any CPU
		{6579389E-6CD0-400C-BD4F-A71720810A30}.Debug|x86.Build.0 = Debug|Any CPU
		{6579389E-6CD0-400C-BD4F-A71720810A30}.Release|Any CPU.ActiveCfg = Release|Any CPU
		{6579389E-6CD0-400C-BD4F-A71720810A30}.Release|Any CPU.Build.0 = Release|Any CPU
		{6579389E-6CD0-400C-BD4F-A71720810A30}.Release|x64.ActiveCfg = Release|Any CPU
		{6579389E-6CD0-400C-BD4F-A71720810A30}.Release|x64.Build.0 = Release|Any CPU
		{6579389E-6CD0-400C-BD4F-A71720810A30}.Release|x86.ActiveCfg = Release|Any CPU
		{6579389E-6CD0-400C-BD4F-A71720810A30}.Release|x86.Build.0 = Release|Any CPU
		{7A1EA7B9-796A-4D9A-826E-F4D49238688F}.Debug|Any CPU.ActiveCfg = Debug|Any CPU
		{7A1EA7B9-796A-4D9A-826E-F4D49238688F}.Debug|Any CPU.Build.0 = Debug|Any CPU
		{7A1EA7B9-796A-4D9A-826E-F4D49238688F}.Debug|x64.ActiveCfg = Debug|Any CPU
		{7A1EA7B9-796A-4D9A-826E-F4D49238688F}.Debug|x64.Build.0 = Debug|Any CPU
		{7A1EA7B9-796A-4D9A-826E-F4D49238688F}.Debug|x86.ActiveCfg = Debug|Any CPU
		{7A1EA7B9-796A-4D9A-826E-F4D49238688F}.Debug|x86.Build.0 = Debug|Any CPU
		{7A1EA7B9-796A-4D9A-826E-F4D49238688F}.Release|Any CPU.ActiveCfg = Release|Any CPU
		{7A1EA7B9-796A-4D9A-826E-F4D49238688F}.Release|Any CPU.Build.0 = Release|Any CPU
		{7A1EA7B9-796A-4D9A-826E-F4D49238688F}.Release|x64.ActiveCfg = Release|Any CPU
		{7A1EA7B9-796A-4D9A-826E-F4D49238688F}.Release|x64.Build.0 = Release|Any CPU
		{7A1EA7B9-796A-4D9A-826E-F4D49238688F}.Release|x86.ActiveCfg = Release|Any CPU
		{7A1EA7B9-796A-4D9A-826E-F4D49238688F}.Release|x86.Build.0 = Release|Any CPU
		{2EDE50A0-BCC2-4C7A-A80C-2843D24F907C}.Debug|Any CPU.ActiveCfg = Debug|Any CPU
		{2EDE50A0-BCC2-4C7A-A80C-2843D24F907C}.Debug|Any CPU.Build.0 = Debug|Any CPU
		{2EDE50A0-BCC2-4C7A-A80C-2843D24F907C}.Debug|x64.ActiveCfg = Debug|Any CPU
		{2EDE50A0-BCC2-4C7A-A80C-2843D24F907C}.Debug|x64.Build.0 = Debug|Any CPU
		{2EDE50A0-BCC2-4C7A-A80C-2843D24F907C}.Debug|x86.ActiveCfg = Debug|Any CPU
		{2EDE50A0-BCC2-4C7A-A80C-2843D24F907C}.Debug|x86.Build.0 = Debug|Any CPU
		{2EDE50A0-BCC2-4C7A-A80C-2843D24F907C}.Release|Any CPU.ActiveCfg = Release|Any CPU
		{2EDE50A0-BCC2-4C7A-A80C-2843D24F907C}.Release|Any CPU.Build.0 = Release|Any CPU
		{2EDE50A0-BCC2-4C7A-A80C-2843D24F907C}.Release|x64.ActiveCfg = Release|Any CPU
		{2EDE50A0-BCC2-4C7A-A80C-2843D24F907C}.Release|x64.Build.0 = Release|Any CPU
		{2EDE50A0-BCC2-4C7A-A80C-2843D24F907C}.Release|x86.ActiveCfg = Release|Any CPU
		{2EDE50A0-BCC2-4C7A-A80C-2843D24F907C}.Release|x86.Build.0 = Release|Any CPU
		{81E3B2BB-EE75-4C03-9B05-48E1F7C448DC}.Debug|Any CPU.ActiveCfg = Debug|Any CPU
		{81E3B2BB-EE75-4C03-9B05-48E1F7C448DC}.Debug|Any CPU.Build.0 = Debug|Any CPU
		{81E3B2BB-EE75-4C03-9B05-48E1F7C448DC}.Debug|x64.ActiveCfg = Debug|Any CPU
		{81E3B2BB-EE75-4C03-9B05-48E1F7C448DC}.Debug|x64.Build.0 = Debug|Any CPU
		{81E3B2BB-EE75-4C03-9B05-48E1F7C448DC}.Debug|x86.ActiveCfg = Debug|Any CPU
		{81E3B2BB-EE75-4C03-9B05-48E1F7C448DC}.Debug|x86.Build.0 = Debug|Any CPU
		{81E3B2BB-EE75-4C03-9B05-48E1F7C448DC}.Release|Any CPU.ActiveCfg = Release|Any CPU
		{81E3B2BB-EE75-4C03-9B05-48E1F7C448DC}.Release|Any CPU.Build.0 = Release|Any CPU
		{81E3B2BB-EE75-4C03-9B05-48E1F7C448DC}.Release|x64.ActiveCfg = Release|Any CPU
		{81E3B2BB-EE75-4C03-9B05-48E1F7C448DC}.Release|x64.Build.0 = Release|Any CPU
		{81E3B2BB-EE75-4C03-9B05-48E1F7C448DC}.Release|x86.ActiveCfg = Release|Any CPU
		{81E3B2BB-EE75-4C03-9B05-48E1F7C448DC}.Release|x86.Build.0 = Release|Any CPU
		{9AD5A484-3E24-4DE8-AE20-48B41A8583EE}.Debug|Any CPU.ActiveCfg = Debug|Any CPU
		{9AD5A484-3E24-4DE8-AE20-48B41A8583EE}.Debug|Any CPU.Build.0 = Debug|Any CPU
		{9AD5A484-3E24-4DE8-AE20-48B41A8583EE}.Debug|x64.ActiveCfg = Debug|Any CPU
		{9AD5A484-3E24-4DE8-AE20-48B41A8583EE}.Debug|x64.Build.0 = Debug|Any CPU
		{9AD5A484-3E24-4DE8-AE20-48B41A8583EE}.Debug|x86.ActiveCfg = Debug|Any CPU
		{9AD5A484-3E24-4DE8-AE20-48B41A8583EE}.Debug|x86.Build.0 = Debug|Any CPU
		{9AD5A484-3E24-4DE8-AE20-48B41A8583EE}.Release|Any CPU.ActiveCfg = Release|Any CPU
		{9AD5A484-3E24-4DE8-AE20-48B41A8583EE}.Release|Any CPU.Build.0 = Release|Any CPU
		{9AD5A484-3E24-4DE8-AE20-48B41A8583EE}.Release|x64.ActiveCfg = Release|Any CPU
		{9AD5A484-3E24-4DE8-AE20-48B41A8583EE}.Release|x64.Build.0 = Release|Any CPU
		{9AD5A484-3E24-4DE8-AE20-48B41A8583EE}.Release|x86.ActiveCfg = Release|Any CPU
		{9AD5A484-3E24-4DE8-AE20-48B41A8583EE}.Release|x86.Build.0 = Release|Any CPU
		{5D24786B-9803-4991-8993-D861CB5379F2}.Debug|Any CPU.ActiveCfg = Debug|Any CPU
		{5D24786B-9803-4991-8993-D861CB5379F2}.Debug|Any CPU.Build.0 = Debug|Any CPU
		{5D24786B-9803-4991-8993-D861CB5379F2}.Debug|x64.ActiveCfg = Debug|Any CPU
		{5D24786B-9803-4991-8993-D861CB5379F2}.Debug|x64.Build.0 = Debug|Any CPU
		{5D24786B-9803-4991-8993-D861CB5379F2}.Debug|x86.ActiveCfg = Debug|Any CPU
		{5D24786B-9803-4991-8993-D861CB5379F2}.Debug|x86.Build.0 = Debug|Any CPU
		{5D24786B-9803-4991-8993-D861CB5379F2}.Release|Any CPU.ActiveCfg = Release|Any CPU
		{5D24786B-9803-4991-8993-D861CB5379F2}.Release|Any CPU.Build.0 = Release|Any CPU
		{5D24786B-9803-4991-8993-D861CB5379F2}.Release|x64.ActiveCfg = Release|Any CPU
		{5D24786B-9803-4991-8993-D861CB5379F2}.Release|x64.Build.0 = Release|Any CPU
		{5D24786B-9803-4991-8993-D861CB5379F2}.Release|x86.ActiveCfg = Release|Any CPU
		{5D24786B-9803-4991-8993-D861CB5379F2}.Release|x86.Build.0 = Release|Any CPU
	EndGlobalSection
	GlobalSection(SolutionProperties) = preSolution
		HideSolutionNode = FALSE
	EndGlobalSection
EndGlobal
